
Microsoft Visual Studio Solution File, Format Version 12.00
# Visual Studio Version 17
VisualStudioVersion = 17.0.31903.59
MinimumVisualStudioVersion = 10.0.40219.1
Project("{FAE04EC0-301F-11D3-BF4B-00C04F79EFBC}") = "MerveConvenienceStore", "MerveConvenienceStore.csproj", "{429E974D-F5EA-4903-A3B0-26EFE3C9D80F}"
EndProject
Global
	GlobalSection(SolutionConfigurationPlatforms) = preSolution
		Debug|Any CPU = Debug|Any CPU
		Release|Any CPU = Release|Any CPU
	EndGlobalSection
	GlobalSection(SolutionProperties) = preSolution
		HideSolutionNode = FALSE
	EndGlobalSection
	GlobalSection(ProjectConfigurationPlatforms) = postSolution
		{429E974D-F5EA-4903-A3B0-26EFE3C9D80F}.Debug|Any CPU.ActiveCfg = Debug|Any CPU
		{429E974D-F5EA-4903-A3B0-26EFE3C9D80F}.Debug|Any CPU.Build.0 = Debug|Any CPU
		{429E974D-F5EA-4903-A3B0-26EFE3C9D80F}.Release|Any CPU.ActiveCfg = Release|Any CPU
		{429E974D-F5EA-4903-A3B0-26EFE3C9D80F}.Release|Any CPU.Build.0 = Release|Any CPU
	EndGlobalSection
EndGlobal
